// !$*UTF8*$!
{
	archiveVersion = 1;
	classes = {
	};
	objectVersion = 56;
	objects = {

/* Begin PBXBuildFile section */
		F2E1BE4F2CC7725B007D9E62 /* AppDelegate.swift in Sources */ = {isa = PBXBuildFile; fileRef = F2E1BE4E2CC7725B007D9E62 /* AppDelegate.swift */; };
		F2E1BE512CC7725B007D9E62 /* SceneDelegate.swift in Sources */ = {isa = PBXBuildFile; fileRef = F2E1BE502CC7725B007D9E62 /* SceneDelegate.swift */; };
		F2E1BE532CC7725B007D9E62 /* ViewController.swift in Sources */ = {isa = PBXBuildFile; fileRef = F2E1BE522CC7725B007D9E62 /* ViewController.swift */; };
		F2E1BE562CC7725B007D9E62 /* Base in Resources */ = {isa = PBXBuildFile; fileRef = F2E1BE552CC7725B007D9E62 /* Base */; };
		F2E1BE582CC7725C007D9E62 /* Assets.xcassets in Resources */ = {isa = PBXBuildFile; fileRef = F2E1BE572CC7725C007D9E62 /* Assets.xcassets */; };
		F2E1BE5B2CC7725C007D9E62 /* Base in Resources */ = {isa = PBXBuildFile; fileRef = F2E1BE5A2CC7725C007D9E62 /* Base */; };
		F2E1BE712CC772AF007D9E62 /* KeychainKit.framework in Frameworks */ = {isa = PBXBuildFile; fileRef = F2E1BE6F2CC772A0007D9E62 /* KeychainKit.framework */; };
		F2E1BE722CC772AF007D9E62 /* KeychainKit.framework in Embed Frameworks */ = {isa = PBXBuildFile; fileRef = F2E1BE6F2CC772A0007D9E62 /* KeychainKit.framework */; settings = {ATTRIBUTES = (CodeSignOnCopy, RemoveHeadersOnCopy, ); }; };
		F2E1BE732CC772AF007D9E62 /* PasscodeKit.framework in Frameworks */ = {isa = PBXBuildFile; fileRef = F2E1BE692CC77299007D9E62 /* PasscodeKit.framework */; };
		F2E1BE742CC772AF007D9E62 /* PasscodeKit.framework in Embed Frameworks */ = {isa = PBXBuildFile; fileRef = F2E1BE692CC77299007D9E62 /* PasscodeKit.framework */; settings = {ATTRIBUTES = (CodeSignOnCopy, RemoveHeadersOnCopy, ); }; };
		F2E1BE7B2CC7772D007D9E62 /* LockViewController.swift in Sources */ = {isa = PBXBuildFile; fileRef = F2E1BE7A2CC7772D007D9E62 /* LockViewController.swift */; };
/* End PBXBuildFile section */

/* Begin PBXContainerItemProxy section */
		F2E1BE682CC77299007D9E62 /* PBXContainerItemProxy */ = {
			isa = PBXContainerItemProxy;
			containerPortal = F2E1BE632CC77299007D9E62 /* PasscodeKit.xcodeproj */;
			proxyType = 2;
			remoteGlobalIDString = F2E1BE0E2CBA48B6007D9E62;
			remoteInfo = PasscodeKit;
		};
		F2E1BE6E2CC772A0007D9E62 /* PBXContainerItemProxy */ = {
			isa = PBXContainerItemProxy;
			containerPortal = F2E1BE6A2CC772A0007D9E62 /* KeychainKit.xcodeproj */;
			proxyType = 2;
			remoteGlobalIDString = F24B08B82C9C2CD300345376;
			remoteInfo = KeychainKit;
		};
		F2E1BE762CC772BC007D9E62 /* PBXContainerItemProxy */ = {
			isa = PBXContainerItemProxy;
			containerPortal = F2E1BE6A2CC772A0007D9E62 /* KeychainKit.xcodeproj */;
			proxyType = 1;
			remoteGlobalIDString = F24B08B72C9C2CD300345376;
			remoteInfo = KeychainKit;
		};
		F2E1BE782CC772BC007D9E62 /* PBXContainerItemProxy */ = {
			isa = PBXContainerItemProxy;
			containerPortal = F2E1BE632CC77299007D9E62 /* PasscodeKit.xcodeproj */;
			proxyType = 1;
			remoteGlobalIDString = F2E1BE0D2CBA48B6007D9E62;
			remoteInfo = PasscodeKit;
		};
/* End PBXContainerItemProxy section */

/* Begin PBXCopyFilesBuildPhase section */
		F2E1BE752CC772AF007D9E62 /* Embed Frameworks */ = {
			isa = PBXCopyFilesBuildPhase;
			buildActionMask = 2147483647;
			dstPath = "";
			dstSubfolderSpec = 10;
			files = (
				F2E1BE722CC772AF007D9E62 /* KeychainKit.framework in Embed Frameworks */,
				F2E1BE742CC772AF007D9E62 /* PasscodeKit.framework in Embed Frameworks */,
			);
			name = "Embed Frameworks";
			runOnlyForDeploymentPostprocessing = 0;
		};
/* End PBXCopyFilesBuildPhase section */

/* Begin PBXFileReference section */
		F2E1BE4B2CC7725B007D9E62 /* PasscodeKit Test.app */ = {isa = PBXFileReference; explicitFileType = wrapper.application; includeInIndex = 0; path = "PasscodeKit Test.app"; sourceTree = BUILT_PRODUCTS_DIR; };
		F2E1BE4E2CC7725B007D9E62 /* AppDelegate.swift */ = {isa = PBXFileReference; lastKnownFileType = sourcecode.swift; path = AppDelegate.swift; sourceTree = "<group>"; };
		F2E1BE502CC7725B007D9E62 /* SceneDelegate.swift */ = {isa = PBXFileReference; lastKnownFileType = sourcecode.swift; path = SceneDelegate.swift; sourceTree = "<group>"; };
		F2E1BE522CC7725B007D9E62 /* ViewController.swift */ = {isa = PBXFileReference; lastKnownFileType = sourcecode.swift; path = ViewController.swift; sourceTree = "<group>"; };
		F2E1BE552CC7725B007D9E62 /* Base */ = {isa = PBXFileReference; lastKnownFileType = file.storyboard; name = Base; path = Base.lproj/Main.storyboard; sourceTree = "<group>"; };
		F2E1BE572CC7725C007D9E62 /* Assets.xcassets */ = {isa = PBXFileReference; lastKnownFileType = folder.assetcatalog; path = Assets.xcassets; sourceTree = "<group>"; };
		F2E1BE5A2CC7725C007D9E62 /* Base */ = {isa = PBXFileReference; lastKnownFileType = file.storyboard; name = Base; path = Base.lproj/LaunchScreen.storyboard; sourceTree = "<group>"; };
		F2E1BE5C2CC7725C007D9E62 /* Info.plist */ = {isa = PBXFileReference; lastKnownFileType = text.plist.xml; path = Info.plist; sourceTree = "<group>"; };
		F2E1BE632CC77299007D9E62 /* PasscodeKit.xcodeproj */ = {isa = PBXFileReference; lastKnownFileType = "wrapper.pb-project"; name = PasscodeKit.xcodeproj; path = ../src/PasscodeKit.xcodeproj; sourceTree = "<group>"; };
		F2E1BE6A2CC772A0007D9E62 /* KeychainKit.xcodeproj */ = {isa = PBXFileReference; lastKnownFileType = "wrapper.pb-project"; name = KeychainKit.xcodeproj; path = ../../KeychainKit/src/KeychainKit.xcodeproj; sourceTree = "<group>"; };
		F2E1BE7A2CC7772D007D9E62 /* LockViewController.swift */ = {isa = PBXFileReference; lastKnownFileType = sourcecode.swift; path = LockViewController.swift; sourceTree = "<group>"; };
/* End PBXFileReference section */

/* Begin PBXFrameworksBuildPhase section */
		F2E1BE482CC7725B007D9E62 /* Frameworks */ = {
			isa = PBXFrameworksBuildPhase;
			buildActionMask = 2147483647;
			files = (
				F2E1BE712CC772AF007D9E62 /* KeychainKit.framework in Frameworks */,
				F2E1BE732CC772AF007D9E62 /* PasscodeKit.framework in Frameworks */,
			);
			runOnlyForDeploymentPostprocessing = 0;
		};
/* End PBXFrameworksBuildPhase section */

/* Begin PBXGroup section */
		F2E1BE422CC7725B007D9E62 = {
			isa = PBXGroup;
			children = (
				F2E1BE6A2CC772A0007D9E62 /* KeychainKit.xcodeproj */,
				F2E1BE632CC77299007D9E62 /* PasscodeKit.xcodeproj */,
				F2E1BE4D2CC7725B007D9E62 /* PasscodeKit Test */,
				F2E1BE4C2CC7725B007D9E62 /* Products */,
				F2E1BE702CC772AF007D9E62 /* Frameworks */,
			);
			sourceTree = "<group>";
		};
		F2E1BE4C2CC7725B007D9E62 /* Products */ = {
			isa = PBXGroup;
			children = (
				F2E1BE4B2CC7725B007D9E62 /* PasscodeKit Test.app */,
			);
			name = Products;
			sourceTree = "<group>";
		};
		F2E1BE4D2CC7725B007D9E62 /* PasscodeKit Test */ = {
			isa = PBXGroup;
			children = (
				F2E1BE4E2CC7725B007D9E62 /* AppDelegate.swift */,
				F2E1BE502CC7725B007D9E62 /* SceneDelegate.swift */,
				F2E1BE522CC7725B007D9E62 /* ViewController.swift */,
				F2E1BE7A2CC7772D007D9E62 /* LockViewController.swift */,
				F2E1BE542CC7725B007D9E62 /* Main.storyboard */,
				F2E1BE572CC7725C007D9E62 /* Assets.xcassets */,
				F2E1BE592CC7725C007D9E62 /* LaunchScreen.storyboard */,
				F2E1BE5C2CC7725C007D9E62 /* Info.plist */,
			);
			path = "PasscodeKit Test";
			sourceTree = "<group>";
		};
		F2E1BE642CC77299007D9E62 /* Products */ = {
			isa = PBXGroup;
			children = (
				F2E1BE692CC77299007D9E62 /* PasscodeKit.framework */,
			);
			name = Products;
			sourceTree = "<group>";
		};
		F2E1BE6B2CC772A0007D9E62 /* Products */ = {
			isa = PBXGroup;
			children = (
				F2E1BE6F2CC772A0007D9E62 /* KeychainKit.framework */,
			);
			name = Products;
			sourceTree = "<group>";
		};
		F2E1BE702CC772AF007D9E62 /* Frameworks */ = {
			isa = PBXGroup;
			children = (
			);
			name = Frameworks;
			sourceTree = "<group>";
		};
/* End PBXGroup section */

/* Begin PBXNativeTarget section */
		F2E1BE4A2CC7725B007D9E62 /* PasscodeKit Test */ = {
			isa = PBXNativeTarget;
			buildConfigurationList = F2E1BE5F2CC7725C007D9E62 /* Build configuration list for PBXNativeTarget "PasscodeKit Test" */;
			buildPhases = (
				F2E1BE472CC7725B007D9E62 /* Sources */,
				F2E1BE482CC7725B007D9E62 /* Frameworks */,
				F2E1BE492CC7725B007D9E62 /* Resources */,
				F2E1BE752CC772AF007D9E62 /* Embed Frameworks */,
			);
			buildRules = (
			);
			dependencies = (
				F2E1BE772CC772BC007D9E62 /* PBXTargetDependency */,
				F2E1BE792CC772BC007D9E62 /* PBXTargetDependency */,
			);
			name = "PasscodeKit Test";
			productName = "PasscodeKit Test";
			productReference = F2E1BE4B2CC7725B007D9E62 /* PasscodeKit Test.app */;
			productType = "com.apple.product-type.application";
		};
/* End PBXNativeTarget section */

/* Begin PBXProject section */
		F2E1BE432CC7725B007D9E62 /* Project object */ = {
			isa = PBXProject;
			attributes = {
				BuildIndependentTargetsInParallel = 1;
				LastSwiftUpdateCheck = 1540;
				LastUpgradeCheck = 1540;
				TargetAttributes = {
					F2E1BE4A2CC7725B007D9E62 = {
						CreatedOnToolsVersion = 15.4;
					};
				};
			};
			buildConfigurationList = F2E1BE462CC7725B007D9E62 /* Build configuration list for PBXProject "PasscodeKit Test" */;
			compatibilityVersion = "Xcode 14.0";
			developmentRegion = en;
			hasScannedForEncodings = 0;
			knownRegions = (
				en,
				Base,
			);
			mainGroup = F2E1BE422CC7725B007D9E62;
			productRefGroup = F2E1BE4C2CC7725B007D9E62 /* Products */;
			projectDirPath = "";
			projectReferences = (
				{
					ProductGroup = F2E1BE6B2CC772A0007D9E62 /* Products */;
					ProjectRef = F2E1BE6A2CC772A0007D9E62 /* KeychainKit.xcodeproj */;
				},
				{
					ProductGroup = F2E1BE642CC77299007D9E62 /* Products */;
					ProjectRef = F2E1BE632CC77299007D9E62 /* PasscodeKit.xcodeproj */;
				},
			);
			projectRoot = "";
			targets = (
				F2E1BE4A2CC7725B007D9E62 /* PasscodeKit Test */,
			);
		};
/* End PBXProject section */

/* Begin PBXReferenceProxy section */
		F2E1BE692CC77299007D9E62 /* PasscodeKit.framework */ = {
			isa = PBXReferenceProxy;
			fileType = wrapper.framework;
			path = PasscodeKit.framework;
			remoteRef = F2E1BE682CC77299007D9E62 /* PBXContainerItemProxy */;
			sourceTree = BUILT_PRODUCTS_DIR;
		};
		F2E1BE6F2CC772A0007D9E62 /* KeychainKit.framework */ = {
			isa = PBXReferenceProxy;
			fileType = wrapper.framework;
			path = KeychainKit.framework;
			remoteRef = F2E1BE6E2CC772A0007D9E62 /* PBXContainerItemProxy */;
			sourceTree = BUILT_PRODUCTS_DIR;
		};
/* End PBXReferenceProxy section */

/* Begin PBXResourcesBuildPhase section */
		F2E1BE492CC7725B007D9E62 /* Resources */ = {
			isa = PBXResourcesBuildPhase;
			buildActionMask = 2147483647;
			files = (
				F2E1BE582CC7725C007D9E62 /* Assets.xcassets in Resources */,
				F2E1BE5B2CC7725C007D9E62 /* Base in Resources */,
				F2E1BE562CC7725B007D9E62 /* Base in Resources */,
			);
			runOnlyForDeploymentPostprocessing = 0;
		};
/* End PBXResourcesBuildPhase section */

/* Begin PBXSourcesBuildPhase section */
		F2E1BE472CC7725B007D9E62 /* Sources */ = {
			isa = PBXSourcesBuildPhase;
			buildActionMask = 2147483647;
			files = (
				F2E1BE532CC7725B007D9E62 /* ViewController.swift in Sources */,
				F2E1BE4F2CC7725B007D9E62 /* AppDelegate.swift in Sources */,
				F2E1BE512CC7725B007D9E62 /* SceneDelegate.swift in Sources */,
				F2E1BE7B2CC7772D007D9E62 /* LockViewController.swift in Sources */,
			);
			runOnlyForDeploymentPostprocessing = 0;
		};
/* End PBXSourcesBuildPhase section */

/* Begin PBXTargetDependency section */
		F2E1BE772CC772BC007D9E62 /* PBXTargetDependency */ = {
			isa = PBXTargetDependency;
			name = KeychainKit;
			targetProxy = F2E1BE762CC772BC007D9E62 /* PBXContainerItemProxy */;
		};
		F2E1BE792CC772BC007D9E62 /* PBXTargetDependency */ = {
			isa = PBXTargetDependency;
			name = PasscodeKit;
			targetProxy = F2E1BE782CC772BC007D9E62 /* PBXContainerItemProxy */;
		};
/* End PBXTargetDependency section */

/* Begin PBXVariantGroup section */
		F2E1BE542CC7725B007D9E62 /* Main.storyboard */ = {
			isa = PBXVariantGroup;
			children = (
				F2E1BE552CC7725B007D9E62 /* Base */,
			);
			name = Main.storyboard;
			sourceTree = "<group>";
		};
		F2E1BE592CC7725C007D9E62 /* LaunchScreen.storyboard */ = {
			isa = PBXVariantGroup;
			children = (
				F2E1BE5A2CC7725C007D9E62 /* Base */,
			);
			name = LaunchScreen.storyboard;
			sourceTree = "<group>";
		};
/* End PBXVariantGroup section */

/* Begin XCBuildConfiguration section */
		F2E1BE5D2CC7725C007D9E62 /* Debug */ = {
			isa = XCBuildConfiguration;
			buildSettings = {
				ALWAYS_SEARCH_USER_PATHS = NO;
				ASSETCATALOG_COMPILER_GENERATE_SWIFT_ASSET_SYMBOL_EXTENSIONS = YES;
				CLANG_ANALYZER_NONNULL = YES;
				CLANG_ANALYZER_NUMBER_OBJECT_CONVERSION = YES_AGGRESSIVE;
				CLANG_CXX_LANGUAGE_STANDARD = "gnu++20";
				CLANG_ENABLE_MODULES = YES;
				CLANG_ENABLE_OBJC_ARC = YES;
				CLANG_ENABLE_OBJC_WEAK = YES;
				CLANG_WARN_BLOCK_CAPTURE_AUTORELEASING = YES;
				CLANG_WARN_BOOL_CONVERSION = YES;
				CLANG_WARN_COMMA = YES;
				CLANG_WARN_CONSTANT_CONVERSION = YES;
				CLANG_WARN_DEPRECATED_OBJC_IMPLEMENTATIONS = YES;
				CLANG_WARN_DIRECT_OBJC_ISA_USAGE = YES_ERROR;
				CLANG_WARN_DOCUMENTATION_COMMENTS = YES;
				CLANG_WARN_EMPTY_BODY = YES;
				CLANG_WARN_ENUM_CONVERSION = YES;
				CLANG_WARN_INFINITE_RECURSION = YES;
				CLANG_WARN_INT_CONVERSION = YES;
				CLANG_WARN_NON_LITERAL_NULL_CONVERSION = YES;
				CLANG_WARN_OBJC_IMPLICIT_RETAIN_SELF = YES;
				CLANG_WARN_OBJC_LITERAL_CONVERSION = YES;
				CLANG_WARN_OBJC_ROOT_CLASS = YES_ERROR;
				CLANG_WARN_QUOTED_INCLUDE_IN_FRAMEWORK_HEADER = YES;
				CLANG_WARN_RANGE_LOOP_ANALYSIS = YES;
				CLANG_WARN_STRICT_PROTOTYPES = YES;
				CLANG_WARN_SUSPICIOUS_MOVE = YES;
				CLANG_WARN_UNGUARDED_AVAILABILITY = YES_AGGRESSIVE;
				CLANG_WARN_UNREACHABLE_CODE = YES;
				CLANG_WARN__DUPLICATE_METHOD_MATCH = YES;
				COPY_PHASE_STRIP = NO;
				DEBUG_INFORMATION_FORMAT = dwarf;
				ENABLE_STRICT_OBJC_MSGSEND = YES;
				ENABLE_TESTABILITY = YES;
				ENABLE_USER_SCRIPT_SANDBOXING = YES;
				GCC_C_LANGUAGE_STANDARD = gnu17;
				GCC_DYNAMIC_NO_PIC = NO;
				GCC_NO_COMMON_BLOCKS = YES;
				GCC_OPTIMIZATION_LEVEL = 0;
				GCC_PREPROCESSOR_DEFINITIONS = (
					"DEBUG=1",
					"$(inherited)",
				);
				GCC_WARN_64_TO_32_BIT_CONVERSION = YES;
				GCC_WARN_ABOUT_RETURN_TYPE = YES_ERROR;
				GCC_WARN_UNDECLARED_SELECTOR = YES;
				GCC_WARN_UNINITIALIZED_AUTOS = YES_AGGRESSIVE;
				GCC_WARN_UNUSED_FUNCTION = YES;
				GCC_WARN_UNUSED_VARIABLE = YES;
				IPHONEOS_DEPLOYMENT_TARGET = 17.5;
				LOCALIZATION_PREFERS_STRING_CATALOGS = YES;
				MTL_ENABLE_DEBUG_INFO = INCLUDE_SOURCE;
				MTL_FAST_MATH = YES;
				ONLY_ACTIVE_ARCH = YES;
				SDKROOT = iphoneos;
				SWIFT_ACTIVE_COMPILATION_CONDITIONS = "DEBUG $(inherited)";
				SWIFT_OPTIMIZATION_LEVEL = "-Onone";
			};
			name = Debug;
		};
		F2E1BE5E2CC7725C007D9E62 /* Release */ = {
			isa = XCBuildConfiguration;
			buildSettings = {
				ALWAYS_SEARCH_USER_PATHS = NO;
				ASSETCATALOG_COMPILER_GENERATE_SWIFT_ASSET_SYMBOL_EXTENSIONS = YES;
				CLANG_ANALYZER_NONNULL = YES;
				CLANG_ANALYZER_NUMBER_OBJECT_CONVERSION = YES_AGGRESSIVE;
				CLANG_CXX_LANGUAGE_STANDARD = "gnu++20";
				CLANG_ENABLE_MODULES = YES;
				CLANG_ENABLE_OBJC_ARC = YES;
				CLANG_ENABLE_OBJC_WEAK = YES;
				CLANG_WARN_BLOCK_CAPTURE_AUTORELEASING = YES;
				CLANG_WARN_BOOL_CONVERSION = YES;
				CLANG_WARN_COMMA = YES;
				CLANG_WARN_CONSTANT_CONVERSION = YES;
				CLANG_WARN_DEPRECATED_OBJC_IMPLEMENTATIONS = YES;
				CLANG_WARN_DIRECT_OBJC_ISA_USAGE = YES_ERROR;
				CLANG_WARN_DOCUMENTATION_COMMENTS = YES;
				CLANG_WARN_EMPTY_BODY = YES;
				CLANG_WARN_ENUM_CONVERSION = YES;
				CLANG_WARN_INFINITE_RECURSION = YES;
				CLANG_WARN_INT_CONVERSION = YES;
				CLANG_WARN_NON_LITERAL_NULL_CONVERSION = YES;
				CLANG_WARN_OBJC_IMPLICIT_RETAIN_SELF = YES;
				CLANG_WARN_OBJC_LITERAL_CONVERSION = YES;
				CLANG_WARN_OBJC_ROOT_CLASS = YES_ERROR;
				CLANG_WARN_QUOTED_INCLUDE_IN_FRAMEWORK_HEADER = YES;
				CLANG_WARN_RANGE_LOOP_ANALYSIS = YES;
				CLANG_WARN_STRICT_PROTOTYPES = YES;
				CLANG_WARN_SUSPICIOUS_MOVE = YES;
				CLANG_WARN_UNGUARDED_AVAILABILITY = YES_AGGRESSIVE;
				CLANG_WARN_UNREACHABLE_CODE = YES;
				CLANG_WARN__DUPLICATE_METHOD_MATCH = YES;
				COPY_PHASE_STRIP = NO;
				DEBUG_INFORMATION_FORMAT = "dwarf-with-dsym";
				ENABLE_NS_ASSERTIONS = NO;
				ENABLE_STRICT_OBJC_MSGSEND = YES;
				ENABLE_USER_SCRIPT_SANDBOXING = YES;
				GCC_C_LANGUAGE_STANDARD = gnu17;
				GCC_NO_COMMON_BLOCKS = YES;
				GCC_WARN_64_TO_32_BIT_CONVERSION = YES;
				GCC_WARN_ABOUT_RETURN_TYPE = YES_ERROR;
				GCC_WARN_UNDECLARED_SELECTOR = YES;
				GCC_WARN_UNINITIALIZED_AUTOS = YES_AGGRESSIVE;
				GCC_WARN_UNUSED_FUNCTION = YES;
				GCC_WARN_UNUSED_VARIABLE = YES;
				IPHONEOS_DEPLOYMENT_TARGET = 17.5;
				LOCALIZATION_PREFERS_STRING_CATALOGS = YES;
				MTL_ENABLE_DEBUG_INFO = NO;
				MTL_FAST_MATH = YES;
				SDKROOT = iphoneos;
				SWIFT_COMPILATION_MODE = wholemodule;
				VALIDATE_PRODUCT = YES;
			};
			name = Release;
		};
		F2E1BE602CC7725C007D9E62 /* Debug */ = {
			isa = XCBuildConfiguration;
			buildSettings = {
				ASSETCATALOG_COMPILER_APPICON_NAME = AppIcon;
				ASSETCATALOG_COMPILER_GLOBAL_ACCENT_COLOR_NAME = AccentColor;
				CODE_SIGN_STYLE = Automatic;
				CURRENT_PROJECT_VERSION = 1;
				DEVELOPMENT_TEAM = 568T6RKXH7;
				GENERATE_INFOPLIST_FILE = YES;
				INFOPLIST_FILE = "PasscodeKit Test/Info.plist";
				INFOPLIST_KEY_UIApplicationSupportsIndirectInputEvents = YES;
				INFOPLIST_KEY_UILaunchStoryboardName = LaunchScreen;
				INFOPLIST_KEY_UIMainStoryboardFile = Main;
				INFOPLIST_KEY_UISupportedInterfaceOrientations_iPad = "UIInterfaceOrientationPortrait UIInterfaceOrientationPortraitUpsideDown UIInterfaceOrientationLandscapeLeft UIInterfaceOrientationLandscapeRight";
				INFOPLIST_KEY_UISupportedInterfaceOrientations_iPhone = "UIInterfaceOrientationPortrait UIInterfaceOrientationLandscapeLeft UIInterfaceOrientationLandscapeRight";
				IPHONEOS_DEPLOYMENT_TARGET = 15.0;
				LD_RUNPATH_SEARCH_PATHS = (
					"$(inherited)",
					"@executable_path/Frameworks",
				);
				MARKETING_VERSION = 1.0;
				PRODUCT_BUNDLE_IDENTIFIER = "net.domzilla.PasscodeKit-Test";
				PRODUCT_NAME = "$(TARGET_NAME)";
				SWIFT_EMIT_LOC_STRINGS = YES;
				SWIFT_VERSION = 5.0;
				TARGETED_DEVICE_FAMILY = "1,2";
			};
			name = Debug;
		};
		F2E1BE612CC7725C007D9E62 /* Release */ = {
			isa = XCBuildConfiguration;
			buildSettings = {
				ASSETCATALOG_COMPILER_APPICON_NAME = AppIcon;
				ASSETCATALOG_COMPILER_GLOBAL_ACCENT_COLOR_NAME = AccentColor;
				CODE_SIGN_STYLE = Automatic;
				CURRENT_PROJECT_VERSION = 1;
				DEVELOPMENT_TEAM = 568T6RKXH7;
				GENERATE_INFOPLIST_FILE = YES;
				INFOPLIST_FILE = "PasscodeKit Test/Info.plist";
				INFOPLIST_KEY_UIApplicationSupportsIndirectInputEvents = YES;
				INFOPLIST_KEY_UILaunchStoryboardName = LaunchScreen;
				INFOPLIST_KEY_UIMainStoryboardFile = Main;
				INFOPLIST_KEY_UISupportedInterfaceOrientations_iPad = "UIInterfaceOrientationPortrait UIInterfaceOrientationPortraitUpsideDown UIInterfaceOrientationLandscapeLeft UIInterfaceOrientationLandscapeRight";
				INFOPLIST_KEY_UISupportedInterfaceOrientations_iPhone = "UIInterfaceOrientationPortrait UIInterfaceOrientationLandscapeLeft UIInterfaceOrientationLandscapeRight";
				IPHONEOS_DEPLOYMENT_TARGET = 15.0;
				LD_RUNPATH_SEARCH_PATHS = (
					"$(inherited)",
					"@executable_path/Frameworks",
				);
				MARKETING_VERSION = 1.0;
				PRODUCT_BUNDLE_IDENTIFIER = "net.domzilla.PasscodeKit-Test";
				PRODUCT_NAME = "$(TARGET_NAME)";
				SWIFT_EMIT_LOC_STRINGS = YES;
				SWIFT_VERSION = 5.0;
				TARGETED_DEVICE_FAMILY = "1,2";
			};
			name = Release;
		};
/* End XCBuildConfiguration section */

/* Begin XCConfigurationList section */
		F2E1BE462CC7725B007D9E62 /* Build configuration list for PBXProject "PasscodeKit Test" */ = {
			isa = XCConfigurationList;
			buildConfigurations = (
				F2E1BE5D2CC7725C007D9E62 /* Debug */,
				F2E1BE5E2CC7725C007D9E62 /* Release */,
			);
			defaultConfigurationIsVisible = 0;
			defaultConfigurationName = Release;
		};
		F2E1BE5F2CC7725C007D9E62 /* Build configuration list for PBXNativeTarget "PasscodeKit Test" */ = {
			isa = XCConfigurationList;
			buildConfigurations = (
				F2E1BE602CC7725C007D9E62 /* Debug */,
				F2E1BE612CC7725C007D9E62 /* Release */,
			);
			defaultConfigurationIsVisible = 0;
			defaultConfigurationName = Release;
		};
/* End XCConfigurationList section */
	};
	rootObject = F2E1BE432CC7725B007D9E62 /* Project object */;
}
